
Microsoft Visual Studio Solution File, Format Version 12.00
# Visual Studio Version 17
VisualStudioVersion = 17.8.34511.84
MinimumVisualStudioVersion = 10.0.40219.1
Project("{FAE04EC0-301F-11D3-BF4B-00C04F79EFBC}") = "FilmesApi", "FilmesApi\FilmesApi.csproj", "{20504942-73EE-44D8-B629-014D05E3272D}"
EndProject
Global
	GlobalSection(SolutionConfigurationPlatforms) = preSolution
		Debug|Any CPU = Debug|Any CPU
		Release|Any CPU = Release|Any CPU
	EndGlobalSection
	GlobalSection(ProjectConfigurationPlatforms) = postSolution
		{20504942-73EE-44D8-B629-014D05E3272D}.Debug|Any CPU.ActiveCfg = Debug|Any CPU
		{20504942-73EE-44D8-B629-014D05E3272D}.Debug|Any CPU.Build.0 = Debug|Any CPU
		{20504942-73EE-44D8-B629-014D05E3272D}.Release|Any CPU.ActiveCfg = Release|Any CPU
		{20504942-73EE-44D8-B629-014D05E3272D}.Release|Any CPU.Build.0 = Release|Any CPU
	EndGlobalSection
	GlobalSection(SolutionProperties) = preSolution
		HideSolutionNode = FALSE
	EndGlobalSection
	GlobalSection(ExtensibilityGlobals) = postSolution
		SolutionGuid = {5F6715D0-2D43-4D97-B701-E82B0498EE2F}
	EndGlobalSection
EndGlobal
